<?xml version="1.0" encoding="utf-8"?>
<Project ToolsVersion="4.0" xmlns="http://schemas.microsoft.com/developer/msbuild/2003">
  <ItemGroup>
    <Filter Include="Source Files">
      <UniqueIdentifier>{4FC737F1-C7A5-4376-A066-2A32D752A2FF}</UniqueIdentifier>
      <Extensions>cpp;c;cc;cxx;def;odl;idl;hpj;bat;asm;asmx</Extensions>
    </Filter>
    <Filter Include="Header Files">
      <UniqueIdentifier>{93995380-89BD-4b04-88EB-625FBE52EBFB}</UniqueIdentifier>
      <Extensions>h;hpp;hxx;hm;inl;inc;xsd</Extensions>
    </Filter>
    <Filter Include="Resource Files">
      <UniqueIdentifier>{67DA6AB6-F800-4c08-8B7A-83BB121AAD01}</UniqueIdentifier>
      <Extensions>rc;ico;cur;bmp;dlg;rc2;rct;bin;rgs;gif;jpg;jpeg;jpe;resx;tiff;tif;png;wav;mfcribbon-ms</Extensions>
    </Filter>
  </ItemGroup>
  <ItemGroup>
    <ClInclude Include="stdafx.h">
      <Filter>Header Files</Filter>
    </ClInclude>
    <ClInclude Include="targetver.h">
      <Filter>Header Files</Filter>
    </ClInclude>
    <ClInclude Include="RenderView.h">
      <Filter>Header Files</Filter>
    </ClInclude>
    <ClInclude Include="MyArray.h">
      <Filter>Header Files</Filter>
    </ClInclude>
    <ClInclude Include="Model.h">
      <Filter>Header Files</Filter>
    </ClInclude>
    <ClInclude Include="MyStruct.h">
      <Filter>Header Files</Filter>
    </ClInclude>
    <ClInclude Include="MainProcess.h">
      <Filter>Header Files</Filter>
    </ClInclude>
    <ClInclude Include="Viewport3D.h">
      <Filter>Header Files</Filter>
    </ClInclude>
    <ClInclude Include="Visual3D.h">
      <Filter>Header Files</Filter>
    </ClInclude>
    <ClInclude Include="HitProcess.h">
      <Filter>Header Files</Filter>
    </ClInclude>
    <ClInclude Include="LineProcess.h">
      <Filter>Header Files</Filter>
    </ClInclude>
    <ClInclude Include="resource.h">
      <Filter>Header Files</Filter>
    </ClInclude>
    <ClInclude Include="ObjectNode.h">
      <Filter>Header Files</Filter>
    </ClInclude>
    <ClInclude Include="ModelObject.h">
      <Filter>Header Files</Filter>
    </ClInclude>
    <ClInclude Include="PlankModel.h">
      <Filter>Header Files</Filter>
    </ClInclude>
    <ClInclude Include="CylinderModel.h">
      <Filter>Header Files</Filter>
    </ClInclude>
    <ClInclude Include="BSPTree.h">
      <Filter>Header Files</Filter>
    </ClInclude>
    <ClInclude Include="RayRender.h">
      <Filter>Header Files</Filter>
    </ClInclude>
  </ItemGroup>
  <ItemGroup>
    <ClCompile Include="stdafx.cpp">
      <Filter>Source Files</Filter>
    </ClCompile>
    <ClCompile Include="RenderView.cpp">
      <Filter>Source Files</Filter>
    </ClCompile>
    <ClCompile Include="Model.cpp">
      <Filter>Source Files</Filter>
    </ClCompile>
    <ClCompile Include="MainProcess.cpp">
      <Filter>Source Files</Filter>
    </ClCompile>
    <ClCompile Include="Viewport3D.cpp">
      <Filter>Source Files</Filter>
    </ClCompile>
    <ClCompile Include="Visual3D.cpp">
      <Filter>Source Files</Filter>
    </ClCompile>
    <ClCompile Include="HitProcess.cpp">
      <Filter>Source Files</Filter>
    </ClCompile>
    <ClCompile Include="LineProcess.cpp">
      <Filter>Source Files</Filter>
    </ClCompile>
    <ClCompile Include="ObjectNode.cpp">
      <Filter>Source Files</Filter>
    </ClCompile>
    <ClCompile Include="ModelObject.cpp">
      <Filter>Source Files</Filter>
    </ClCompile>
    <ClCompile Include="PlankModel.cpp">
      <Filter>Source Files</Filter>
    </ClCompile>
    <ClCompile Include="CylinderModel.cpp">
      <Filter>Source Files</Filter>
    </ClCompile>
    <ClCompile Include="BSPTree.cpp">
      <Filter>Source Files</Filter>
    </ClCompile>
    <ClCompile Include="RayRender.cpp">
      <Filter>Source Files</Filter>
    </ClCompile>
  </ItemGroup>
</Project>